
Microsoft Visual Studio Solution File, Format Version 12.00
# Visual Studio Version 17
VisualStudioVersion = 17.0.32014.148
MinimumVisualStudioVersion = 10.0.40219.1
Project("{FAE04EC0-301F-11D3-BF4B-00C04F79EFBC}") = "FilmParser", "FilmParser\FilmParser.csproj", "{C0811B88-51F1-4BBA-8DBE-1636806F3176}"
EndProject
Project("{FAE04EC0-301F-11D3-BF4B-00C04F79EFBC}") = "MoviesParser", "MoviesParser\MoviesParser.csproj", "{349C7574-8E25-4DAF-AA2A-903AC0B58D17}"
EndProject
Global
	GlobalSection(SolutionConfigurationPlatforms) = preSolution
		Debug|Any CPU = Debug|Any CPU
		Release|Any CPU = Release|Any CPU
	EndGlobalSection
	GlobalSection(ProjectConfigurationPlatforms) = postSolution
		{C0811B88-51F1-4BBA-8DBE-1636806F3176}.Debug|Any CPU.ActiveCfg = Debug|Any CPU
		{C0811B88-51F1-4BBA-8DBE-1636806F3176}.Debug|Any CPU.Build.0 = Debug|Any CPU
		{C0811B88-51F1-4BBA-8DBE-1636806F3176}.Release|Any CPU.ActiveCfg = Release|Any CPU
		{C0811B88-51F1-4BBA-8DBE-1636806F3176}.Release|Any CPU.Build.0 = Release|Any CPU
		{349C7574-8E25-4DAF-AA2A-903AC0B58D17}.Debug|Any CPU.ActiveCfg = Debug|Any CPU
		{349C7574-8E25-4DAF-AA2A-903AC0B58D17}.Debug|Any CPU.Build.0 = Debug|Any CPU
		{349C7574-8E25-4DAF-AA2A-903AC0B58D17}.Release|Any CPU.ActiveCfg = Release|Any CPU
		{349C7574-8E25-4DAF-AA2A-903AC0B58D17}.Release|Any CPU.Build.0 = Release|Any CPU
	EndGlobalSection
	GlobalSection(SolutionProperties) = preSolution
		HideSolutionNode = FALSE
	EndGlobalSection
	GlobalSection(ExtensibilityGlobals) = postSolution
		SolutionGuid = {35C9D90F-1740-4CC6-A347-7FF8E6E83448}
	EndGlobalSection
EndGlobal
