
Microsoft Visual Studio Solution File, Format Version 12.00
# Visual Studio Version 17
VisualStudioVersion = 17.0.32014.148
MinimumVisualStudioVersion = 10.0.40219.1
Project("{FAE04EC0-301F-11D3-BF4B-00C04F79EFBC}") = "FilmParser", "FilmParser\FilmParser.csproj", "{C0811B88-51F1-4BBA-8DBE-1636806F3176}"
EndProject
Project("{9A19103F-16F7-4668-BE54-9A1E7A4F7556}") = "MoviesParser", "MoviesParser\MoviesParser.csproj", "{349C7574-8E25-4DAF-AA2A-903AC0B58D17}"
EndProject
Project("{9A19103F-16F7-4668-BE54-9A1E7A4F7556}") = "MoviesParserAPI", "MoviesParserAPI\MoviesParserAPI.csproj", "{B4737470-734A-4E9F-A158-15D301619A1D}"
EndProject
Project("{9A19103F-16F7-4668-BE54-9A1E7A4F7556}") = "Core", "Core\Core.csproj", "{5F4D70A8-D9B9-4405-9BBB-E6621A33D950}"
EndProject
Project("{9A19103F-16F7-4668-BE54-9A1E7A4F7556}") = "Infrastructure", "Infrastructure\Infrastructure.csproj", "{7F31BDF1-0AAD-4BED-B4CB-20646A2B02B7}"
EndProject
Global
	GlobalSection(SolutionConfigurationPlatforms) = preSolution
		Debug|Any CPU = Debug|Any CPU
		Release|Any CPU = Release|Any CPU
	EndGlobalSection
	GlobalSection(ProjectConfigurationPlatforms) = postSolution
		{C0811B88-51F1-4BBA-8DBE-1636806F3176}.Debug|Any CPU.ActiveCfg = Debug|Any CPU
		{C0811B88-51F1-4BBA-8DBE-1636806F3176}.Debug|Any CPU.Build.0 = Debug|Any CPU
		{C0811B88-51F1-4BBA-8DBE-1636806F3176}.Release|Any CPU.ActiveCfg = Release|Any CPU
		{C0811B88-51F1-4BBA-8DBE-1636806F3176}.Release|Any CPU.Build.0 = Release|Any CPU
		{349C7574-8E25-4DAF-AA2A-903AC0B58D17}.Debug|Any CPU.ActiveCfg = Debug|Any CPU
		{349C7574-8E25-4DAF-AA2A-903AC0B58D17}.Debug|Any CPU.Build.0 = Debug|Any CPU
		{349C7574-8E25-4DAF-AA2A-903AC0B58D17}.Release|Any CPU.ActiveCfg = Release|Any CPU
		{349C7574-8E25-4DAF-AA2A-903AC0B58D17}.Release|Any CPU.Build.0 = Release|Any CPU
		{B4737470-734A-4E9F-A158-15D301619A1D}.Debug|Any CPU.ActiveCfg = Debug|Any CPU
		{B4737470-734A-4E9F-A158-15D301619A1D}.Debug|Any CPU.Build.0 = Debug|Any CPU
		{B4737470-734A-4E9F-A158-15D301619A1D}.Release|Any CPU.ActiveCfg = Release|Any CPU
		{B4737470-734A-4E9F-A158-15D301619A1D}.Release|Any CPU.Build.0 = Release|Any CPU
		{5F4D70A8-D9B9-4405-9BBB-E6621A33D950}.Debug|Any CPU.ActiveCfg = Debug|Any CPU
		{5F4D70A8-D9B9-4405-9BBB-E6621A33D950}.Debug|Any CPU.Build.0 = Debug|Any CPU
		{5F4D70A8-D9B9-4405-9BBB-E6621A33D950}.Release|Any CPU.ActiveCfg = Release|Any CPU
		{5F4D70A8-D9B9-4405-9BBB-E6621A33D950}.Release|Any CPU.Build.0 = Release|Any CPU
		{7F31BDF1-0AAD-4BED-B4CB-20646A2B02B7}.Debug|Any CPU.ActiveCfg = Debug|Any CPU
		{7F31BDF1-0AAD-4BED-B4CB-20646A2B02B7}.Debug|Any CPU.Build.0 = Debug|Any CPU
		{7F31BDF1-0AAD-4BED-B4CB-20646A2B02B7}.Release|Any CPU.ActiveCfg = Release|Any CPU
		{7F31BDF1-0AAD-4BED-B4CB-20646A2B02B7}.Release|Any CPU.Build.0 = Release|Any CPU
	EndGlobalSection
	GlobalSection(SolutionProperties) = preSolution
		HideSolutionNode = FALSE
	EndGlobalSection
	GlobalSection(ExtensibilityGlobals) = postSolution
		SolutionGuid = {35C9D90F-1740-4CC6-A347-7FF8E6E83448}
	EndGlobalSection
EndGlobal
